// !$*UTF8*$!
{
	archiveVersion = 1;
	classes = {
	};
	objectVersion = 46;
	objects = {

/* Begin PBXBuildFile section */
		8E013EA91ABA074400D29FC1 /* CSSkyboardTableViewCellQuestion.m in Sources */ = {isa = PBXBuildFile; fileRef = 8E013EA81ABA074400D29FC1 /* CSSkyboardTableViewCellQuestion.m */; };
		8E3570C51ADD8C05003521B4 /* BaseViewController.m in Sources */ = {isa = PBXBuildFile; fileRef = 8E3570C41ADD8C05003521B4 /* BaseViewController.m */; };
		8E3570D01ADDADCA003521B4 /* User Male Circle-32.png in Resources */ = {isa = PBXBuildFile; fileRef = 8E3570CC1ADDADCA003521B4 /* User Male Circle-32.png */; };
		8E3570D11ADDADCA003521B4 /* Plus-32.png in Resources */ = {isa = PBXBuildFile; fileRef = 8E3570CD1ADDADCA003521B4 /* Plus-32.png */; };
		8E3570D21ADDADCA003521B4 /* Delete Sign Filled-32.png in Resources */ = {isa = PBXBuildFile; fileRef = 8E3570CE1ADDADCA003521B4 /* Delete Sign Filled-32.png */; };
		8E3570D31ADDADCA003521B4 /* Binoculars-32.png in Resources */ = {isa = PBXBuildFile; fileRef = 8E3570CF1ADDADCA003521B4 /* Binoculars-32.png */; };
		8E35A9761AA7EFFA00FFFE2D /* POST_T_icon.png in Resources */ = {isa = PBXBuildFile; fileRef = 8E35A9731AA7EFFA00FFFE2D /* POST_T_icon.png */; };
		8E35A9771AA7EFFA00FFFE2D /* POST_Q_icon.png in Resources */ = {isa = PBXBuildFile; fileRef = 8E35A9741AA7EFFA00FFFE2D /* POST_Q_icon.png */; };
		8E35A9781AA7EFFA00FFFE2D /* POST_P_icon.png in Resources */ = {isa = PBXBuildFile; fileRef = 8E35A9751AA7EFFA00FFFE2D /* POST_P_icon.png */; };
		8E397B6D1ADE097C00BA51DB /* UPStackMenu.m in Sources */ = {isa = PBXBuildFile; fileRef = 8E397B6A1ADE097C00BA51DB /* UPStackMenu.m */; };
		8E397B6E1ADE097C00BA51DB /* UPStackMenuItem.m in Sources */ = {isa = PBXBuildFile; fileRef = 8E397B6C1ADE097C00BA51DB /* UPStackMenuItem.m */; };
		8E3B44B81AC9380900A55FD8 /* CSMapViewController.m in Sources */ = {isa = PBXBuildFile; fileRef = 8E3B44B71AC9380900A55FD8 /* CSMapViewController.m */; };
		8E411C1F1AB9183800A37756 /* CSNewPostViewController.m in Sources */ = {isa = PBXBuildFile; fileRef = 8E411C1E1AB9183800A37756 /* CSNewPostViewController.m */; };
		8E58B59C1AA7F4080031D17C /* cs alternate.png in Resources */ = {isa = PBXBuildFile; fileRef = 8E58B59A1AA7F4080031D17C /* cs alternate.png */; };
		8E58B59D1AA7F4080031D17C /* cs_alternate180square.png in Resources */ = {isa = PBXBuildFile; fileRef = 8E58B59B1AA7F4080031D17C /* cs_alternate180square.png */; };
		8E58B59F1AA7F49B0031D17C /* cs alternate120square.png in Resources */ = {isa = PBXBuildFile; fileRef = 8E58B59E1AA7F49B0031D17C /* cs alternate120square.png */; };
		8E6354541AB1560500436BD1 /* CSMainTabBarController.m in Sources */ = {isa = PBXBuildFile; fileRef = 8E6354531AB1560500436BD1 /* CSMainTabBarController.m */; };
		8E64B6D21A9FBCB60017A079 /* TestTableViewCell.m in Sources */ = {isa = PBXBuildFile; fileRef = 8E64B6D11A9FBCB60017A079 /* TestTableViewCell.m */; };
		8E823AEF1ABDF5AE0095D79E /* CSSkyboardTableViewCellPoll.m in Sources */ = {isa = PBXBuildFile; fileRef = 8E823AEE1ABDF5AE0095D79E /* CSSkyboardTableViewCellPoll.m */; };
		8E84CB4D1AA04383007A396A /* Scarlett-Johansson2-400.jpg in Resources */ = {isa = PBXBuildFile; fileRef = 8E84CB4C1AA04383007A396A /* Scarlett-Johansson2-400.jpg */; };
		8E913D001AC0883400E8983E /* Checklist Filled-50.png in Resources */ = {isa = PBXBuildFile; fileRef = 8E913CFF1AC0883400E8983E /* Checklist Filled-50.png */; };
		8EB32F0A1A7A0031002749F8 /* TSC.m in Sources */ = {isa = PBXBuildFile; fileRef = 8EB32F091A7A0031002749F8 /* TSC.m */; };
		8EB576A41A65149E00ED19D7 /* main.m in Sources */ = {isa = PBXBuildFile; fileRef = 8EB576A31A65149E00ED19D7 /* main.m */; };
		8EB576A71A65149E00ED19D7 /* AppDelegate.m in Sources */ = {isa = PBXBuildFile; fileRef = 8EB576A61A65149E00ED19D7 /* AppDelegate.m */; };
		8EB576AD1A65149E00ED19D7 /* Main.storyboard in Resources */ = {isa = PBXBuildFile; fileRef = 8EB576AB1A65149E00ED19D7 /* Main.storyboard */; };
		8EB576AF1A65149E00ED19D7 /* Images.xcassets in Resources */ = {isa = PBXBuildFile; fileRef = 8EB576AE1A65149E00ED19D7 /* Images.xcassets */; };
		8EB576B21A65149E00ED19D7 /* LaunchScreen.xib in Resources */ = {isa = PBXBuildFile; fileRef = 8EB576B01A65149E00ED19D7 /* LaunchScreen.xib */; };
		8EB576BE1A65149E00ED19D7 /* CloudshapesTests.m in Sources */ = {isa = PBXBuildFile; fileRef = 8EB576BD1A65149E00ED19D7 /* CloudshapesTests.m */; };
		8EC993851A6CD2B300074886 /* CSRegisterViewController.m in Sources */ = {isa = PBXBuildFile; fileRef = 8EC993841A6CD2B300074886 /* CSRegisterViewController.m */; };
		8ECDD3031A79C07F0051C9C6 /* CSUser.m in Sources */ = {isa = PBXBuildFile; fileRef = 8ECDD3021A79C07F0051C9C6 /* CSUser.m */; };
		8ECDD3061A79C4A30051C9C6 /* CSUserProfileViewController.m in Sources */ = {isa = PBXBuildFile; fileRef = 8ECDD3051A79C4A30051C9C6 /* CSUserProfileViewController.m */; };
		8ECEA5861AC9206300A3AC90 /* MapKit.framework in Frameworks */ = {isa = PBXBuildFile; fileRef = 8ECEA5851AC9206300A3AC90 /* MapKit.framework */; };
		8ECEA5881AC9206F00A3AC90 /* CoreLocation.framework in Frameworks */ = {isa = PBXBuildFile; fileRef = 8ECEA5871AC9206F00A3AC90 /* CoreLocation.framework */; };
		8ED342741A835E8F00836D34 /* CSPhotoViewController.m in Sources */ = {isa = PBXBuildFile; fileRef = 8ED342731A835E8F00836D34 /* CSPhotoViewController.m */; };
		8EDA975A1AA8D3BD006D667C /* CSSkyboardTableViewController2.m in Sources */ = {isa = PBXBuildFile; fileRef = 8EDA97591AA8D3BD006D667C /* CSSkyboardTableViewController2.m */; };
		8EDA975D1AA8D598006D667C /* CSSkyboardTableViewCell2.m in Sources */ = {isa = PBXBuildFile; fileRef = 8EDA975C1AA8D598006D667C /* CSSkyboardTableViewCell2.m */; };
		8EDC71B11AB7BBB800A9295B /* Hearts-50.png in Resources */ = {isa = PBXBuildFile; fileRef = 8EDC71B01AB7BBB800A9295B /* Hearts-50.png */; };
		8EDC71B31AB7BD0E00A9295B /* Comments-50.png in Resources */ = {isa = PBXBuildFile; fileRef = 8EDC71B21AB7BD0E00A9295B /* Comments-50.png */; };
		8EDD106D1A6F229900140559 /* CSLoginViewController.m in Sources */ = {isa = PBXBuildFile; fileRef = 8EDD106C1A6F229900140559 /* CSLoginViewController.m */; };
		8EDDC94A1AD49DDB00F50968 /* CSSkyboardTableAndMapViewController.m in Sources */ = {isa = PBXBuildFile; fileRef = 8EDDC9491AD49DDB00F50968 /* CSSkyboardTableAndMapViewController.m */; };
		8EDDC94D1AD4B39A00F50968 /* CSSkyboardTableView.m in Sources */ = {isa = PBXBuildFile; fileRef = 8EDDC94C1AD4B39A00F50968 /* CSSkyboardTableView.m */; };
		8EF519141A8E8ED80098EEB7 /* CSSkyboardTableViewController.m in Sources */ = {isa = PBXBuildFile; fileRef = 8EF519131A8E8ED80098EEB7 /* CSSkyboardTableViewController.m */; };
		8EF5191A1A8EA1B70098EEB7 /* CSSkyboardTableViewCell.m in Sources */ = {isa = PBXBuildFile; fileRef = 8EF519191A8EA1B70098EEB7 /* CSSkyboardTableViewCell.m */; };
/* End PBXBuildFile section */

/* Begin PBXContainerItemProxy section */
		8EB576B81A65149E00ED19D7 /* PBXContainerItemProxy */ = {
			isa = PBXContainerItemProxy;
			containerPortal = 8EB576961A65149E00ED19D7 /* Project object */;
			proxyType = 1;
			remoteGlobalIDString = 8EB5769D1A65149E00ED19D7;
			remoteInfo = Cloudshapes;
		};
/* End PBXContainerItemProxy section */

/* Begin PBXFileReference section */
		8E013EA71ABA074400D29FC1 /* CSSkyboardTableViewCellQuestion.h */ = {isa = PBXFileReference; fileEncoding = 4; lastKnownFileType = sourcecode.c.h; path = CSSkyboardTableViewCellQuestion.h; sourceTree = "<group>"; };
		8E013EA81ABA074400D29FC1 /* CSSkyboardTableViewCellQuestion.m */ = {isa = PBXFileReference; fileEncoding = 4; lastKnownFileType = sourcecode.c.objc; path = CSSkyboardTableViewCellQuestion.m; sourceTree = "<group>"; };
		8E3570C31ADD8C05003521B4 /* BaseViewController.h */ = {isa = PBXFileReference; fileEncoding = 4; lastKnownFileType = sourcecode.c.h; path = BaseViewController.h; sourceTree = "<group>"; };
		8E3570C41ADD8C05003521B4 /* BaseViewController.m */ = {isa = PBXFileReference; fileEncoding = 4; lastKnownFileType = sourcecode.c.objc; path = BaseViewController.m; sourceTree = "<group>"; };
		8E3570CC1ADDADCA003521B4 /* User Male Circle-32.png */ = {isa = PBXFileReference; lastKnownFileType = image.png; path = "User Male Circle-32.png"; sourceTree = "<group>"; };
		8E3570CD1ADDADCA003521B4 /* Plus-32.png */ = {isa = PBXFileReference; lastKnownFileType = image.png; path = "Plus-32.png"; sourceTree = "<group>"; };
		8E3570CE1ADDADCA003521B4 /* Delete Sign Filled-32.png */ = {isa = PBXFileReference; lastKnownFileType = image.png; path = "Delete Sign Filled-32.png"; sourceTree = "<group>"; };
		8E3570CF1ADDADCA003521B4 /* Binoculars-32.png */ = {isa = PBXFileReference; lastKnownFileType = image.png; path = "Binoculars-32.png"; sourceTree = "<group>"; };
		8E35A9731AA7EFFA00FFFE2D /* POST_T_icon.png */ = {isa = PBXFileReference; lastKnownFileType = image.png; path = POST_T_icon.png; sourceTree = "<group>"; };
		8E35A9741AA7EFFA00FFFE2D /* POST_Q_icon.png */ = {isa = PBXFileReference; lastKnownFileType = image.png; path = POST_Q_icon.png; sourceTree = "<group>"; };
		8E35A9751AA7EFFA00FFFE2D /* POST_P_icon.png */ = {isa = PBXFileReference; lastKnownFileType = image.png; path = POST_P_icon.png; sourceTree = "<group>"; };
		8E397B691ADE097C00BA51DB /* UPStackMenu.h */ = {isa = PBXFileReference; fileEncoding = 4; lastKnownFileType = sourcecode.c.h; path = UPStackMenu.h; sourceTree = "<group>"; };
		8E397B6A1ADE097C00BA51DB /* UPStackMenu.m */ = {isa = PBXFileReference; fileEncoding = 4; lastKnownFileType = sourcecode.c.objc; path = UPStackMenu.m; sourceTree = "<group>"; };
		8E397B6B1ADE097C00BA51DB /* UPStackMenuItem.h */ = {isa = PBXFileReference; fileEncoding = 4; lastKnownFileType = sourcecode.c.h; path = UPStackMenuItem.h; sourceTree = "<group>"; };
		8E397B6C1ADE097C00BA51DB /* UPStackMenuItem.m */ = {isa = PBXFileReference; fileEncoding = 4; lastKnownFileType = sourcecode.c.objc; path = UPStackMenuItem.m; sourceTree = "<group>"; };
		8E3B44B61AC9380900A55FD8 /* CSMapViewController.h */ = {isa = PBXFileReference; fileEncoding = 4; lastKnownFileType = sourcecode.c.h; path = CSMapViewController.h; sourceTree = "<group>"; };
		8E3B44B71AC9380900A55FD8 /* CSMapViewController.m */ = {isa = PBXFileReference; fileEncoding = 4; lastKnownFileType = sourcecode.c.objc; path = CSMapViewController.m; sourceTree = "<group>"; };
		8E411C1D1AB9183800A37756 /* CSNewPostViewController.h */ = {isa = PBXFileReference; fileEncoding = 4; lastKnownFileType = sourcecode.c.h; path = CSNewPostViewController.h; sourceTree = "<group>"; };
		8E411C1E1AB9183800A37756 /* CSNewPostViewController.m */ = {isa = PBXFileReference; fileEncoding = 4; lastKnownFileType = sourcecode.c.objc; path = CSNewPostViewController.m; sourceTree = "<group>"; };
		8E58B59A1AA7F4080031D17C /* cs alternate.png */ = {isa = PBXFileReference; lastKnownFileType = image.png; path = "cs alternate.png"; sourceTree = "<group>"; };
		8E58B59B1AA7F4080031D17C /* cs_alternate180square.png */ = {isa = PBXFileReference; lastKnownFileType = image.png; path = cs_alternate180square.png; sourceTree = "<group>"; };
		8E58B59E1AA7F49B0031D17C /* cs alternate120square.png */ = {isa = PBXFileReference; lastKnownFileType = image.png; path = "cs alternate120square.png"; sourceTree = "<group>"; };
		8E6354521AB1560500436BD1 /* CSMainTabBarController.h */ = {isa = PBXFileReference; fileEncoding = 4; lastKnownFileType = sourcecode.c.h; name = CSMainTabBarController.h; path = ../CSMainTabBarController.h; sourceTree = "<group>"; };
		8E6354531AB1560500436BD1 /* CSMainTabBarController.m */ = {isa = PBXFileReference; fileEncoding = 4; lastKnownFileType = sourcecode.c.objc; name = CSMainTabBarController.m; path = ../CSMainTabBarController.m; sourceTree = "<group>"; };
		8E64B6D01A9FBCB60017A079 /* TestTableViewCell.h */ = {isa = PBXFileReference; fileEncoding = 4; lastKnownFileType = sourcecode.c.h; path = TestTableViewCell.h; sourceTree = "<group>"; };
		8E64B6D11A9FBCB60017A079 /* TestTableViewCell.m */ = {isa = PBXFileReference; fileEncoding = 4; lastKnownFileType = sourcecode.c.objc; path = TestTableViewCell.m; sourceTree = "<group>"; };
		8E823AED1ABDF5AE0095D79E /* CSSkyboardTableViewCellPoll.h */ = {isa = PBXFileReference; fileEncoding = 4; lastKnownFileType = sourcecode.c.h; path = CSSkyboardTableViewCellPoll.h; sourceTree = "<group>"; };
		8E823AEE1ABDF5AE0095D79E /* CSSkyboardTableViewCellPoll.m */ = {isa = PBXFileReference; fileEncoding = 4; lastKnownFileType = sourcecode.c.objc; path = CSSkyboardTableViewCellPoll.m; sourceTree = "<group>"; };
		8E84CB4C1AA04383007A396A /* Scarlett-Johansson2-400.jpg */ = {isa = PBXFileReference; lastKnownFileType = image.jpeg; path = "Scarlett-Johansson2-400.jpg"; sourceTree = "<group>"; };
		8E913CFF1AC0883400E8983E /* Checklist Filled-50.png */ = {isa = PBXFileReference; lastKnownFileType = image.png; path = "Checklist Filled-50.png"; sourceTree = "<group>"; };
		8E9BBF4E1A651606009D6F09 /* FacebookSDK.framework */ = {isa = PBXFileReference; lastKnownFileType = wrapper.framework; name = FacebookSDK.framework; path = ../../FacebookSDK/FacebookSDK.framework; sourceTree = "<group>"; };
		8EB32F081A7A0031002749F8 /* TSC.h */ = {isa = PBXFileReference; fileEncoding = 4; lastKnownFileType = sourcecode.c.h; path = TSC.h; sourceTree = "<group>"; };
		8EB32F091A7A0031002749F8 /* TSC.m */ = {isa = PBXFileReference; fileEncoding = 4; lastKnownFileType = sourcecode.c.objc; path = TSC.m; sourceTree = "<group>"; };
		8EB5769E1A65149E00ED19D7 /* Cloudshapes.app */ = {isa = PBXFileReference; explicitFileType = wrapper.application; includeInIndex = 0; path = Cloudshapes.app; sourceTree = BUILT_PRODUCTS_DIR; };
		8EB576A21A65149E00ED19D7 /* Info.plist */ = {isa = PBXFileReference; lastKnownFileType = text.plist.xml; path = Info.plist; sourceTree = "<group>"; };
		8EB576A31A65149E00ED19D7 /* main.m */ = {isa = PBXFileReference; lastKnownFileType = sourcecode.c.objc; path = main.m; sourceTree = "<group>"; };
		8EB576A51A65149E00ED19D7 /* AppDelegate.h */ = {isa = PBXFileReference; lastKnownFileType = sourcecode.c.h; path = AppDelegate.h; sourceTree = "<group>"; };
		8EB576A61A65149E00ED19D7 /* AppDelegate.m */ = {isa = PBXFileReference; lastKnownFileType = sourcecode.c.objc; path = AppDelegate.m; sourceTree = "<group>"; };
		8EB576AC1A65149E00ED19D7 /* Base */ = {isa = PBXFileReference; lastKnownFileType = file.storyboard; name = Base; path = Base.lproj/Main.storyboard; sourceTree = "<group>"; };
		8EB576AE1A65149E00ED19D7 /* Images.xcassets */ = {isa = PBXFileReference; lastKnownFileType = folder.assetcatalog; path = Images.xcassets; sourceTree = "<group>"; };
		8EB576B11A65149E00ED19D7 /* Base */ = {isa = PBXFileReference; lastKnownFileType = file.xib; name = Base; path = Base.lproj/LaunchScreen.xib; sourceTree = "<group>"; };
		8EB576B71A65149E00ED19D7 /* CloudshapesTests.xctest */ = {isa = PBXFileReference; explicitFileType = wrapper.cfbundle; includeInIndex = 0; path = CloudshapesTests.xctest; sourceTree = BUILT_PRODUCTS_DIR; };
		8EB576BC1A65149E00ED19D7 /* Info.plist */ = {isa = PBXFileReference; lastKnownFileType = text.plist.xml; path = Info.plist; sourceTree = "<group>"; };
		8EB576BD1A65149E00ED19D7 /* CloudshapesTests.m */ = {isa = PBXFileReference; lastKnownFileType = sourcecode.c.objc; path = CloudshapesTests.m; sourceTree = "<group>"; };
		8EC993831A6CD2B300074886 /* CSRegisterViewController.h */ = {isa = PBXFileReference; fileEncoding = 4; lastKnownFileType = sourcecode.c.h; path = CSRegisterViewController.h; sourceTree = "<group>"; };
		8EC993841A6CD2B300074886 /* CSRegisterViewController.m */ = {isa = PBXFileReference; fileEncoding = 4; lastKnownFileType = sourcecode.c.objc; path = CSRegisterViewController.m; sourceTree = "<group>"; };
		8ECDD3011A79C07F0051C9C6 /* CSUser.h */ = {isa = PBXFileReference; fileEncoding = 4; lastKnownFileType = sourcecode.c.h; path = CSUser.h; sourceTree = "<group>"; };
		8ECDD3021A79C07F0051C9C6 /* CSUser.m */ = {isa = PBXFileReference; fileEncoding = 4; lastKnownFileType = sourcecode.c.objc; path = CSUser.m; sourceTree = "<group>"; };
		8ECDD3041A79C4A30051C9C6 /* CSUserProfileViewController.h */ = {isa = PBXFileReference; fileEncoding = 4; lastKnownFileType = sourcecode.c.h; path = CSUserProfileViewController.h; sourceTree = "<group>"; };
		8ECDD3051A79C4A30051C9C6 /* CSUserProfileViewController.m */ = {isa = PBXFileReference; fileEncoding = 4; lastKnownFileType = sourcecode.c.objc; path = CSUserProfileViewController.m; sourceTree = "<group>"; };
		8ECEA5851AC9206300A3AC90 /* MapKit.framework */ = {isa = PBXFileReference; lastKnownFileType = wrapper.framework; name = MapKit.framework; path = System/Library/Frameworks/MapKit.framework; sourceTree = SDKROOT; };
		8ECEA5871AC9206F00A3AC90 /* CoreLocation.framework */ = {isa = PBXFileReference; lastKnownFileType = wrapper.framework; name = CoreLocation.framework; path = System/Library/Frameworks/CoreLocation.framework; sourceTree = SDKROOT; };
		8ED342721A835E8F00836D34 /* CSPhotoViewController.h */ = {isa = PBXFileReference; fileEncoding = 4; lastKnownFileType = sourcecode.c.h; path = CSPhotoViewController.h; sourceTree = "<group>"; };
		8ED342731A835E8F00836D34 /* CSPhotoViewController.m */ = {isa = PBXFileReference; fileEncoding = 4; lastKnownFileType = sourcecode.c.objc; path = CSPhotoViewController.m; sourceTree = "<group>"; };
		8EDA97581AA8D3BD006D667C /* CSSkyboardTableViewController2.h */ = {isa = PBXFileReference; fileEncoding = 4; lastKnownFileType = sourcecode.c.h; path = CSSkyboardTableViewController2.h; sourceTree = "<group>"; };
		8EDA97591AA8D3BD006D667C /* CSSkyboardTableViewController2.m */ = {isa = PBXFileReference; fileEncoding = 4; lastKnownFileType = sourcecode.c.objc; path = CSSkyboardTableViewController2.m; sourceTree = "<group>"; };
		8EDA975B1AA8D598006D667C /* CSSkyboardTableViewCell2.h */ = {isa = PBXFileReference; fileEncoding = 4; lastKnownFileType = sourcecode.c.h; path = CSSkyboardTableViewCell2.h; sourceTree = "<group>"; };
		8EDA975C1AA8D598006D667C /* CSSkyboardTableViewCell2.m */ = {isa = PBXFileReference; fileEncoding = 4; lastKnownFileType = sourcecode.c.objc; path = CSSkyboardTableViewCell2.m; sourceTree = "<group>"; };
		8EDC71B01AB7BBB800A9295B /* Hearts-50.png */ = {isa = PBXFileReference; lastKnownFileType = image.png; path = "Hearts-50.png"; sourceTree = "<group>"; };
		8EDC71B21AB7BD0E00A9295B /* Comments-50.png */ = {isa = PBXFileReference; lastKnownFileType = image.png; path = "Comments-50.png"; sourceTree = "<group>"; };
		8EDD106B1A6F229900140559 /* CSLoginViewController.h */ = {isa = PBXFileReference; fileEncoding = 4; lastKnownFileType = sourcecode.c.h; path = CSLoginViewController.h; sourceTree = "<group>"; };
		8EDD106C1A6F229900140559 /* CSLoginViewController.m */ = {isa = PBXFileReference; fileEncoding = 4; lastKnownFileType = sourcecode.c.objc; path = CSLoginViewController.m; sourceTree = "<group>"; };
		8EDDC9481AD49DDB00F50968 /* CSSkyboardTableAndMapViewController.h */ = {isa = PBXFileReference; fileEncoding = 4; lastKnownFileType = sourcecode.c.h; path = CSSkyboardTableAndMapViewController.h; sourceTree = "<group>"; };
		8EDDC9491AD49DDB00F50968 /* CSSkyboardTableAndMapViewController.m */ = {isa = PBXFileReference; fileEncoding = 4; lastKnownFileType = sourcecode.c.objc; path = CSSkyboardTableAndMapViewController.m; sourceTree = "<group>"; };
		8EDDC94B1AD4B39A00F50968 /* CSSkyboardTableView.h */ = {isa = PBXFileReference; fileEncoding = 4; lastKnownFileType = sourcecode.c.h; path = CSSkyboardTableView.h; sourceTree = "<group>"; };
		8EDDC94C1AD4B39A00F50968 /* CSSkyboardTableView.m */ = {isa = PBXFileReference; fileEncoding = 4; lastKnownFileType = sourcecode.c.objc; path = CSSkyboardTableView.m; sourceTree = "<group>"; };
		8EF519121A8E8ED80098EEB7 /* CSSkyboardTableViewController.h */ = {isa = PBXFileReference; fileEncoding = 4; lastKnownFileType = sourcecode.c.h; path = CSSkyboardTableViewController.h; sourceTree = "<group>"; };
		8EF519131A8E8ED80098EEB7 /* CSSkyboardTableViewController.m */ = {isa = PBXFileReference; fileEncoding = 4; lastKnownFileType = sourcecode.c.objc; path = CSSkyboardTableViewController.m; sourceTree = "<group>"; };
		8EF519181A8EA1B70098EEB7 /* CSSkyboardTableViewCell.h */ = {isa = PBXFileReference; fileEncoding = 4; lastKnownFileType = sourcecode.c.h; path = CSSkyboardTableViewCell.h; sourceTree = "<group>"; };
		8EF519191A8EA1B70098EEB7 /* CSSkyboardTableViewCell.m */ = {isa = PBXFileReference; fileEncoding = 4; lastKnownFileType = sourcecode.c.objc; path = CSSkyboardTableViewCell.m; sourceTree = "<group>"; };
/* End PBXFileReference section */

/* Begin PBXFrameworksBuildPhase section */
		8EB5769B1A65149E00ED19D7 /* Frameworks */ = {
			isa = PBXFrameworksBuildPhase;
			buildActionMask = 2147483647;
			files = (
				8ECEA5881AC9206F00A3AC90 /* CoreLocation.framework in Frameworks */,
				8ECEA5861AC9206300A3AC90 /* MapKit.framework in Frameworks */,
			);
			runOnlyForDeploymentPostprocessing = 0;
		};
		8EB576B41A65149E00ED19D7 /* Frameworks */ = {
			isa = PBXFrameworksBuildPhase;
			buildActionMask = 2147483647;
			files = (
			);
			runOnlyForDeploymentPostprocessing = 0;
		};
/* End PBXFrameworksBuildPhase section */

/* Begin PBXGroup section */
		8E3570C21ADD8BD1003521B4 /* Outside Classes */ = {
			isa = PBXGroup;
			children = (
				8E397B681ADE096600BA51DB /* UPStackMenu */,
				8E3570C31ADD8C05003521B4 /* BaseViewController.h */,
				8E3570C41ADD8C05003521B4 /* BaseViewController.m */,
			);
			name = "Outside Classes";
			sourceTree = "<group>";
		};
		8E35A1401AA1C1AD00103D4E /* Old Obsolete Classes */ = {
			isa = PBXGroup;
			children = (
				8EDA97581AA8D3BD006D667C /* CSSkyboardTableViewController2.h */,
				8EDA97591AA8D3BD006D667C /* CSSkyboardTableViewController2.m */,
				8EDA975B1AA8D598006D667C /* CSSkyboardTableViewCell2.h */,
				8EDA975C1AA8D598006D667C /* CSSkyboardTableViewCell2.m */,
				8E64B6D01A9FBCB60017A079 /* TestTableViewCell.h */,
				8E64B6D11A9FBCB60017A079 /* TestTableViewCell.m */,
			);
			name = "Old Obsolete Classes";
			sourceTree = "<group>";
		};
		8E397B681ADE096600BA51DB /* UPStackMenu */ = {
			isa = PBXGroup;
			children = (
				8E397B691ADE097C00BA51DB /* UPStackMenu.h */,
				8E397B6A1ADE097C00BA51DB /* UPStackMenu.m */,
				8E397B6B1ADE097C00BA51DB /* UPStackMenuItem.h */,
				8E397B6C1ADE097C00BA51DB /* UPStackMenuItem.m */,
			);
			name = UPStackMenu;
			sourceTree = "<group>";
		};
		8E9BBF4D1A6515E5009D6F09 /* Frameworks */ = {
			isa = PBXGroup;
			children = (
				8E9BBF4E1A651606009D6F09 /* FacebookSDK.framework */,
			);
			name = Frameworks;
			sourceTree = "<group>";
		};
		8EB576951A65149E00ED19D7 = {
			isa = PBXGroup;
			children = (
				8ECEA5871AC9206F00A3AC90 /* CoreLocation.framework */,
				8ECEA5851AC9206300A3AC90 /* MapKit.framework */,
				8EB576A01A65149E00ED19D7 /* Cloudshapes */,
				8EB576BA1A65149E00ED19D7 /* CloudshapesTests */,
				8EB5769F1A65149E00ED19D7 /* Products */,
			);
			sourceTree = "<group>";
		};
		8EB5769F1A65149E00ED19D7 /* Products */ = {
			isa = PBXGroup;
			children = (
				8EB5769E1A65149E00ED19D7 /* Cloudshapes.app */,
				8EB576B71A65149E00ED19D7 /* CloudshapesTests.xctest */,
			);
			name = Products;
			sourceTree = "<group>";
		};
		8EB576A01A65149E00ED19D7 /* Cloudshapes */ = {
			isa = PBXGroup;
			children = (
				8E3570C21ADD8BD1003521B4 /* Outside Classes */,
				8E9BBF4D1A6515E5009D6F09 /* Frameworks */,
				8EDD106B1A6F229900140559 /* CSLoginViewController.h */,
				8EDD106C1A6F229900140559 /* CSLoginViewController.m */,
				8E6354521AB1560500436BD1 /* CSMainTabBarController.h */,
				8E6354531AB1560500436BD1 /* CSMainTabBarController.m */,
				8E3B44B61AC9380900A55FD8 /* CSMapViewController.h */,
				8E3B44B71AC9380900A55FD8 /* CSMapViewController.m */,
				8E411C1D1AB9183800A37756 /* CSNewPostViewController.h */,
				8E411C1E1AB9183800A37756 /* CSNewPostViewController.m */,
				8ED342721A835E8F00836D34 /* CSPhotoViewController.h */,
				8ED342731A835E8F00836D34 /* CSPhotoViewController.m */,
				8ECDD3041A79C4A30051C9C6 /* CSUserProfileViewController.h */,
				8ECDD3051A79C4A30051C9C6 /* CSUserProfileViewController.m */,
				8EC993831A6CD2B300074886 /* CSRegisterViewController.h */,
				8EC993841A6CD2B300074886 /* CSRegisterViewController.m */,
				8EDDC94B1AD4B39A00F50968 /* CSSkyboardTableView.h */,
				8EDDC94C1AD4B39A00F50968 /* CSSkyboardTableView.m */,
				8EF519181A8EA1B70098EEB7 /* CSSkyboardTableViewCell.h */,
				8EF519191A8EA1B70098EEB7 /* CSSkyboardTableViewCell.m */,
				8E823AED1ABDF5AE0095D79E /* CSSkyboardTableViewCellPoll.h */,
				8E823AEE1ABDF5AE0095D79E /* CSSkyboardTableViewCellPoll.m */,
				8E013EA71ABA074400D29FC1 /* CSSkyboardTableViewCellQuestion.h */,
				8E013EA81ABA074400D29FC1 /* CSSkyboardTableViewCellQuestion.m */,
				8EF519121A8E8ED80098EEB7 /* CSSkyboardTableViewController.h */,
				8EDDC9481AD49DDB00F50968 /* CSSkyboardTableAndMapViewController.h */,
				8EDDC9491AD49DDB00F50968 /* CSSkyboardTableAndMapViewController.m */,
				8ECDD3011A79C07F0051C9C6 /* CSUser.h */,
				8ECDD3021A79C07F0051C9C6 /* CSUser.m */,
				8EF519131A8E8ED80098EEB7 /* CSSkyboardTableViewController.m */,
				8EB576AB1A65149E00ED19D7 /* Main.storyboard */,
				8EB576AE1A65149E00ED19D7 /* Images.xcassets */,
				8EB576B01A65149E00ED19D7 /* LaunchScreen.xib */,
				8EB576A11A65149E00ED19D7 /* Supporting Files */,
				8EB32F081A7A0031002749F8 /* TSC.h */,
				8E3570CC1ADDADCA003521B4 /* User Male Circle-32.png */,
				8E3570CD1ADDADCA003521B4 /* Plus-32.png */,
				8E3570CE1ADDADCA003521B4 /* Delete Sign Filled-32.png */,
				8E3570CF1ADDADCA003521B4 /* Binoculars-32.png */,
				8E913CFF1AC0883400E8983E /* Checklist Filled-50.png */,
				8E84CB4C1AA04383007A396A /* Scarlett-Johansson2-400.jpg */,
				8E35A9731AA7EFFA00FFFE2D /* POST_T_icon.png */,
				8E35A9741AA7EFFA00FFFE2D /* POST_Q_icon.png */,
				8E35A9751AA7EFFA00FFFE2D /* POST_P_icon.png */,
				8E58B59A1AA7F4080031D17C /* cs alternate.png */,
				8E58B59B1AA7F4080031D17C /* cs_alternate180square.png */,
				8E58B59E1AA7F49B0031D17C /* cs alternate120square.png */,
				8EDC71B01AB7BBB800A9295B /* Hearts-50.png */,
				8EDC71B21AB7BD0E00A9295B /* Comments-50.png */,
				8EB32F091A7A0031002749F8 /* TSC.m */,
			);
			path = Cloudshapes;
			sourceTree = "<group>";
		};
		8EB576A11A65149E00ED19D7 /* Supporting Files */ = {
			isa = PBXGroup;
			children = (
				8E35A1401AA1C1AD00103D4E /* Old Obsolete Classes */,
				8EB576A51A65149E00ED19D7 /* AppDelegate.h */,
				8EB576A61A65149E00ED19D7 /* AppDelegate.m */,
				8EB576A21A65149E00ED19D7 /* Info.plist */,
				8EB576A31A65149E00ED19D7 /* main.m */,
			);
			name = "Supporting Files";
			sourceTree = "<group>";
		};
		8EB576BA1A65149E00ED19D7 /* CloudshapesTests */ = {
			isa = PBXGroup;
			children = (
				8EB576BD1A65149E00ED19D7 /* CloudshapesTests.m */,
				8EB576BB1A65149E00ED19D7 /* Supporting Files */,
			);
			path = CloudshapesTests;
			sourceTree = "<group>";
		};
		8EB576BB1A65149E00ED19D7 /* Supporting Files */ = {
			isa = PBXGroup;
			children = (
				8EB576BC1A65149E00ED19D7 /* Info.plist */,
			);
			name = "Supporting Files";
			sourceTree = "<group>";
		};
/* End PBXGroup section */

/* Begin PBXNativeTarget section */
		8EB5769D1A65149E00ED19D7 /* Cloudshapes */ = {
			isa = PBXNativeTarget;
			buildConfigurationList = 8EB576C11A65149E00ED19D7 /* Build configuration list for PBXNativeTarget "Cloudshapes" */;
			buildPhases = (
				8EB5769A1A65149E00ED19D7 /* Sources */,
				8EB5769B1A65149E00ED19D7 /* Frameworks */,
				8EB5769C1A65149E00ED19D7 /* Resources */,
			);
			buildRules = (
			);
			dependencies = (
			);
			name = Cloudshapes;
			productName = Cloudshapes;
			productReference = 8EB5769E1A65149E00ED19D7 /* Cloudshapes.app */;
			productType = "com.apple.product-type.application";
		};
		8EB576B61A65149E00ED19D7 /* CloudshapesTests */ = {
			isa = PBXNativeTarget;
			buildConfigurationList = 8EB576C41A65149E00ED19D7 /* Build configuration list for PBXNativeTarget "CloudshapesTests" */;
			buildPhases = (
				8EB576B31A65149E00ED19D7 /* Sources */,
				8EB576B41A65149E00ED19D7 /* Frameworks */,
				8EB576B51A65149E00ED19D7 /* Resources */,
			);
			buildRules = (
			);
			dependencies = (
				8EB576B91A65149E00ED19D7 /* PBXTargetDependency */,
			);
			name = CloudshapesTests;
			productName = CloudshapesTests;
			productReference = 8EB576B71A65149E00ED19D7 /* CloudshapesTests.xctest */;
			productType = "com.apple.product-type.bundle.unit-test";
		};
/* End PBXNativeTarget section */

/* Begin PBXProject section */
		8EB576961A65149E00ED19D7 /* Project object */ = {
			isa = PBXProject;
			attributes = {
				LastUpgradeCheck = 0610;
				ORGANIZATIONNAME = Cloudshapes;
				TargetAttributes = {
					8EB5769D1A65149E00ED19D7 = {
						CreatedOnToolsVersion = 6.1.1;
					};
					8EB576B61A65149E00ED19D7 = {
						CreatedOnToolsVersion = 6.1.1;
						TestTargetID = 8EB5769D1A65149E00ED19D7;
					};
				};
			};
			buildConfigurationList = 8EB576991A65149E00ED19D7 /* Build configuration list for PBXProject "Cloudshapes" */;
			compatibilityVersion = "Xcode 3.2";
			developmentRegion = English;
			hasScannedForEncodings = 0;
			knownRegions = (
				en,
				Base,
			);
			mainGroup = 8EB576951A65149E00ED19D7;
			productRefGroup = 8EB5769F1A65149E00ED19D7 /* Products */;
			projectDirPath = "";
			projectRoot = "";
			targets = (
				8EB5769D1A65149E00ED19D7 /* Cloudshapes */,
				8EB576B61A65149E00ED19D7 /* CloudshapesTests */,
			);
		};
/* End PBXProject section */

/* Begin PBXResourcesBuildPhase section */
		8EB5769C1A65149E00ED19D7 /* Resources */ = {
			isa = PBXResourcesBuildPhase;
			buildActionMask = 2147483647;
			files = (
				8E35A9771AA7EFFA00FFFE2D /* POST_Q_icon.png in Resources */,
				8E58B59C1AA7F4080031D17C /* cs alternate.png in Resources */,
				8E3570D21ADDADCA003521B4 /* Delete Sign Filled-32.png in Resources */,
				8E35A9761AA7EFFA00FFFE2D /* POST_T_icon.png in Resources */,
				8EB576AD1A65149E00ED19D7 /* Main.storyboard in Resources */,
				8E3570D01ADDADCA003521B4 /* User Male Circle-32.png in Resources */,
				8EDC71B11AB7BBB800A9295B /* Hearts-50.png in Resources */,
				8E58B59F1AA7F49B0031D17C /* cs alternate120square.png in Resources */,
				8EDC71B31AB7BD0E00A9295B /* Comments-50.png in Resources */,
				8EB576B21A65149E00ED19D7 /* LaunchScreen.xib in Resources */,
				8EB576AF1A65149E00ED19D7 /* Images.xcassets in Resources */,
				8E58B59D1AA7F4080031D17C /* cs_alternate180square.png in Resources */,
				8E3570D11ADDADCA003521B4 /* Plus-32.png in Resources */,
				8E84CB4D1AA04383007A396A /* Scarlett-Johansson2-400.jpg in Resources */,
				8E3570D31ADDADCA003521B4 /* Binoculars-32.png in Resources */,
				8E35A9781AA7EFFA00FFFE2D /* POST_P_icon.png in Resources */,
				8E913D001AC0883400E8983E /* Checklist Filled-50.png in Resources */,
			);
			runOnlyForDeploymentPostprocessing = 0;
		};
		8EB576B51A65149E00ED19D7 /* Resources */ = {
			isa = PBXResourcesBuildPhase;
			buildActionMask = 2147483647;
			files = (
			);
			runOnlyForDeploymentPostprocessing = 0;
		};
/* End PBXResourcesBuildPhase section */

/* Begin PBXSourcesBuildPhase section */
		8EB5769A1A65149E00ED19D7 /* Sources */ = {
			isa = PBXSourcesBuildPhase;
			buildActionMask = 2147483647;
			files = (
				8E397B6D1ADE097C00BA51DB /* UPStackMenu.m in Sources */,
				8EDD106D1A6F229900140559 /* CSLoginViewController.m in Sources */,
				8E411C1F1AB9183800A37756 /* CSNewPostViewController.m in Sources */,
				8EDDC94A1AD49DDB00F50968 /* CSSkyboardTableAndMapViewController.m in Sources */,
				8ED342741A835E8F00836D34 /* CSPhotoViewController.m in Sources */,
				8E6354541AB1560500436BD1 /* CSMainTabBarController.m in Sources */,
				8E013EA91ABA074400D29FC1 /* CSSkyboardTableViewCellQuestion.m in Sources */,
				8ECDD3061A79C4A30051C9C6 /* CSUserProfileViewController.m in Sources */,
				8EB576A71A65149E00ED19D7 /* AppDelegate.m in Sources */,
				8E3B44B81AC9380900A55FD8 /* CSMapViewController.m in Sources */,
				8EF5191A1A8EA1B70098EEB7 /* CSSkyboardTableViewCell.m in Sources */,
				8E64B6D21A9FBCB60017A079 /* TestTableViewCell.m in Sources */,
				8EDA975D1AA8D598006D667C /* CSSkyboardTableViewCell2.m in Sources */,
				8EDA975A1AA8D3BD006D667C /* CSSkyboardTableViewController2.m in Sources */,
				8E823AEF1ABDF5AE0095D79E /* CSSkyboardTableViewCellPoll.m in Sources */,
				8EB576A41A65149E00ED19D7 /* main.m in Sources */,
				8E397B6E1ADE097C00BA51DB /* UPStackMenuItem.m in Sources */,
				8EB32F0A1A7A0031002749F8 /* TSC.m in Sources */,
				8EDDC94D1AD4B39A00F50968 /* CSSkyboardTableView.m in Sources */,
				8EF519141A8E8ED80098EEB7 /* CSSkyboardTableViewController.m in Sources */,
				8EC993851A6CD2B300074886 /* CSRegisterViewController.m in Sources */,
				8E3570C51ADD8C05003521B4 /* BaseViewController.m in Sources */,
				8ECDD3031A79C07F0051C9C6 /* CSUser.m in Sources */,
			);
			runOnlyForDeploymentPostprocessing = 0;
		};
		8EB576B31A65149E00ED19D7 /* Sources */ = {
			isa = PBXSourcesBuildPhase;
			buildActionMask = 2147483647;
			files = (
				8EB576BE1A65149E00ED19D7 /* CloudshapesTests.m in Sources */,
			);
			runOnlyForDeploymentPostprocessing = 0;
		};
/* End PBXSourcesBuildPhase section */

/* Begin PBXTargetDependency section */
		8EB576B91A65149E00ED19D7 /* PBXTargetDependency */ = {
			isa = PBXTargetDependency;
			target = 8EB5769D1A65149E00ED19D7 /* Cloudshapes */;
			targetProxy = 8EB576B81A65149E00ED19D7 /* PBXContainerItemProxy */;
		};
/* End PBXTargetDependency section */

/* Begin PBXVariantGroup section */
		8EB576AB1A65149E00ED19D7 /* Main.storyboard */ = {
			isa = PBXVariantGroup;
			children = (
				8EB576AC1A65149E00ED19D7 /* Base */,
			);
			name = Main.storyboard;
			sourceTree = "<group>";
		};
		8EB576B01A65149E00ED19D7 /* LaunchScreen.xib */ = {
			isa = PBXVariantGroup;
			children = (
				8EB576B11A65149E00ED19D7 /* Base */,
			);
			name = LaunchScreen.xib;
			sourceTree = "<group>";
		};
/* End PBXVariantGroup section */

/* Begin XCBuildConfiguration section */
		8EB576BF1A65149E00ED19D7 /* Debug */ = {
			isa = XCBuildConfiguration;
			buildSettings = {
				ALWAYS_SEARCH_USER_PATHS = NO;
				CLANG_CXX_LANGUAGE_STANDARD = "gnu++0x";
				CLANG_CXX_LIBRARY = "libc++";
				CLANG_ENABLE_MODULES = YES;
				CLANG_ENABLE_OBJC_ARC = YES;
				CLANG_WARN_BOOL_CONVERSION = YES;
				CLANG_WARN_CONSTANT_CONVERSION = YES;
				CLANG_WARN_DIRECT_OBJC_ISA_USAGE = YES_ERROR;
				CLANG_WARN_EMPTY_BODY = YES;
				CLANG_WARN_ENUM_CONVERSION = YES;
				CLANG_WARN_INT_CONVERSION = YES;
				CLANG_WARN_OBJC_ROOT_CLASS = YES_ERROR;
				CLANG_WARN_UNREACHABLE_CODE = YES;
				CLANG_WARN__DUPLICATE_METHOD_MATCH = YES;
				"CODE_SIGN_IDENTITY[sdk=iphoneos*]" = "iPhone Developer";
				COPY_PHASE_STRIP = NO;
				ENABLE_STRICT_OBJC_MSGSEND = YES;
				GCC_C_LANGUAGE_STANDARD = gnu99;
				GCC_DYNAMIC_NO_PIC = NO;
				GCC_OPTIMIZATION_LEVEL = 0;
				GCC_PREPROCESSOR_DEFINITIONS = (
					"DEBUG=1",
					"$(inherited)",
				);
				GCC_SYMBOLS_PRIVATE_EXTERN = NO;
				GCC_WARN_64_TO_32_BIT_CONVERSION = YES;
				GCC_WARN_ABOUT_RETURN_TYPE = YES_ERROR;
				GCC_WARN_UNDECLARED_SELECTOR = YES;
				GCC_WARN_UNINITIALIZED_AUTOS = YES_AGGRESSIVE;
				GCC_WARN_UNUSED_FUNCTION = YES;
				GCC_WARN_UNUSED_VARIABLE = YES;
				IPHONEOS_DEPLOYMENT_TARGET = 8.1;
				MTL_ENABLE_DEBUG_INFO = YES;
				ONLY_ACTIVE_ARCH = YES;
				SDKROOT = iphoneos;
			};
			name = Debug;
		};
		8EB576C01A65149E00ED19D7 /* Release */ = {
			isa = XCBuildConfiguration;
			buildSettings = {
				ALWAYS_SEARCH_USER_PATHS = NO;
				CLANG_CXX_LANGUAGE_STANDARD = "gnu++0x";
				CLANG_CXX_LIBRARY = "libc++";
				CLANG_ENABLE_MODULES = YES;
				CLANG_ENABLE_OBJC_ARC = YES;
				CLANG_WARN_BOOL_CONVERSION = YES;
				CLANG_WARN_CONSTANT_CONVERSION = YES;
				CLANG_WARN_DIRECT_OBJC_ISA_USAGE = YES_ERROR;
				CLANG_WARN_EMPTY_BODY = YES;
				CLANG_WARN_ENUM_CONVERSION = YES;
				CLANG_WARN_INT_CONVERSION = YES;
				CLANG_WARN_OBJC_ROOT_CLASS = YES_ERROR;
				CLANG_WARN_UNREACHABLE_CODE = YES;
				CLANG_WARN__DUPLICATE_METHOD_MATCH = YES;
				"CODE_SIGN_IDENTITY[sdk=iphoneos*]" = "iPhone Developer";
				COPY_PHASE_STRIP = YES;
				ENABLE_NS_ASSERTIONS = NO;
				ENABLE_STRICT_OBJC_MSGSEND = YES;
				GCC_C_LANGUAGE_STANDARD = gnu99;
				GCC_WARN_64_TO_32_BIT_CONVERSION = YES;
				GCC_WARN_ABOUT_RETURN_TYPE = YES_ERROR;
				GCC_WARN_UNDECLARED_SELECTOR = YES;
				GCC_WARN_UNINITIALIZED_AUTOS = YES_AGGRESSIVE;
				GCC_WARN_UNUSED_FUNCTION = YES;
				GCC_WARN_UNUSED_VARIABLE = YES;
				IPHONEOS_DEPLOYMENT_TARGET = 8.1;
				MTL_ENABLE_DEBUG_INFO = NO;
				SDKROOT = iphoneos;
				VALIDATE_PRODUCT = YES;
			};
			name = Release;
		};
		8EB576C21A65149E00ED19D7 /* Debug */ = {
			isa = XCBuildConfiguration;
			buildSettings = {
				ASSETCATALOG_COMPILER_APPICON_NAME = AppIcon;
				FRAMEWORK_SEARCH_PATHS = (
					"$(inherited)",
					/Users/ishteharhussain/Desktop/FacebookSDK,
				);
				INFOPLIST_FILE = Cloudshapes/Info.plist;
				LD_RUNPATH_SEARCH_PATHS = "$(inherited) @executable_path/Frameworks";
				PRODUCT_NAME = "$(TARGET_NAME)";
			};
			name = Debug;
		};
		8EB576C31A65149E00ED19D7 /* Release */ = {
			isa = XCBuildConfiguration;
			buildSettings = {
				ASSETCATALOG_COMPILER_APPICON_NAME = AppIcon;
				FRAMEWORK_SEARCH_PATHS = (
					"$(inherited)",
					/Users/ishteharhussain/Desktop/FacebookSDK,
				);
				INFOPLIST_FILE = Cloudshapes/Info.plist;
				LD_RUNPATH_SEARCH_PATHS = "$(inherited) @executable_path/Frameworks";
				PRODUCT_NAME = "$(TARGET_NAME)";
			};
			name = Release;
		};
		8EB576C51A65149E00ED19D7 /* Debug */ = {
			isa = XCBuildConfiguration;
			buildSettings = {
				BUNDLE_LOADER = "$(TEST_HOST)";
				FRAMEWORK_SEARCH_PATHS = (
					"$(SDKROOT)/Developer/Library/Frameworks",
					"$(inherited)",
				);
				GCC_PREPROCESSOR_DEFINITIONS = (
					"DEBUG=1",
					"$(inherited)",
				);
				INFOPLIST_FILE = CloudshapesTests/Info.plist;
				LD_RUNPATH_SEARCH_PATHS = "$(inherited) @executable_path/Frameworks @loader_path/Frameworks";
				PRODUCT_NAME = "$(TARGET_NAME)";
				TEST_HOST = "$(BUILT_PRODUCTS_DIR)/Cloudshapes.app/Cloudshapes";
			};
			name = Debug;
		};
		8EB576C61A65149E00ED19D7 /* Release */ = {
			isa = XCBuildConfiguration;
			buildSettings = {
				BUNDLE_LOADER = "$(TEST_HOST)";
				FRAMEWORK_SEARCH_PATHS = (
					"$(SDKROOT)/Developer/Library/Frameworks",
					"$(inherited)",
				);
				INFOPLIST_FILE = CloudshapesTests/Info.plist;
				LD_RUNPATH_SEARCH_PATHS = "$(inherited) @executable_path/Frameworks @loader_path/Frameworks";
				PRODUCT_NAME = "$(TARGET_NAME)";
				TEST_HOST = "$(BUILT_PRODUCTS_DIR)/Cloudshapes.app/Cloudshapes";
			};
			name = Release;
		};
/* End XCBuildConfiguration section */

/* Begin XCConfigurationList section */
		8EB576991A65149E00ED19D7 /* Build configuration list for PBXProject "Cloudshapes" */ = {
			isa = XCConfigurationList;
			buildConfigurations = (
				8EB576BF1A65149E00ED19D7 /* Debug */,
				8EB576C01A65149E00ED19D7 /* Release */,
			);
			defaultConfigurationIsVisible = 0;
			defaultConfigurationName = Release;
		};
		8EB576C11A65149E00ED19D7 /* Build configuration list for PBXNativeTarget "Cloudshapes" */ = {
			isa = XCConfigurationList;
			buildConfigurations = (
				8EB576C21A65149E00ED19D7 /* Debug */,
				8EB576C31A65149E00ED19D7 /* Release */,
			);
			defaultConfigurationIsVisible = 0;
			defaultConfigurationName = Release;
		};
		8EB576C41A65149E00ED19D7 /* Build configuration list for PBXNativeTarget "CloudshapesTests" */ = {
			isa = XCConfigurationList;
			buildConfigurations = (
				8EB576C51A65149E00ED19D7 /* Debug */,
				8EB576C61A65149E00ED19D7 /* Release */,
			);
			defaultConfigurationIsVisible = 0;
			defaultConfigurationName = Release;
		};
/* End XCConfigurationList section */
	};
	rootObject = 8EB576961A65149E00ED19D7 /* Project object */;
}
